
Microsoft Visual Studio Solution File, Format Version 12.00
# Visual Studio Version 16
VisualStudioVersion = 16.0.30114.105
MinimumVisualStudioVersion = 10.0.40219.1
Project("{FAE04EC0-301F-11D3-BF4B-00C04F79EFBC}") = "R5T.T0111", "R5T.T0111\R5T.T0111.csproj", "{34425CE2-ADCA-46C1-90F8-85DD34B8003D}"
EndProject
Project("{FAE04EC0-301F-11D3-BF4B-00C04F79EFBC}") = "R5T.T0111.Construction", "R5T.T0111.Construction\R5T.T0111.Construction.csproj", "{8C62EECC-724C-4F22-B595-2D4E4B9FAB5D}"
EndProject
Global
	GlobalSection(SolutionConfigurationPlatforms) = preSolution
		Debug|Any CPU = Debug|Any CPU
		Debug|x64 = Debug|x64
		Debug|x86 = Debug|x86
		Release|Any CPU = Release|Any CPU
		Release|x64 = Release|x64
		Release|x86 = Release|x86
	EndGlobalSection
	GlobalSection(SolutionProperties) = preSolution
		HideSolutionNode = FALSE
	EndGlobalSection
	GlobalSection(ProjectConfigurationPlatforms) = postSolution
		{34425CE2-ADCA-46C1-90F8-85DD34B8003D}.Debug|Any CPU.ActiveCfg = Debug|Any CPU
		{34425CE2-ADCA-46C1-90F8-85DD34B8003D}.Debug|Any CPU.Build.0 = Debug|Any CPU
		{34425CE2-ADCA-46C1-90F8-85DD34B8003D}.Debug|x64.ActiveCfg = Debug|Any CPU
		{34425CE2-ADCA-46C1-90F8-85DD34B8003D}.Debug|x64.Build.0 = Debug|Any CPU
		{34425CE2-ADCA-46C1-90F8-85DD34B8003D}.Debug|x86.ActiveCfg = Debug|Any CPU
		{34425CE2-ADCA-46C1-90F8-85DD34B8003D}.Debug|x86.Build.0 = Debug|Any CPU
		{34425CE2-ADCA-46C1-90F8-85DD34B8003D}.Release|Any CPU.ActiveCfg = Release|Any CPU
		{34425CE2-ADCA-46C1-90F8-85DD34B8003D}.Release|Any CPU.Build.0 = Release|Any CPU
		{34425CE2-ADCA-46C1-90F8-85DD34B8003D}.Release|x64.ActiveCfg = Release|Any CPU
		{34425CE2-ADCA-46C1-90F8-85DD34B8003D}.Release|x64.Build.0 = Release|Any CPU
		{34425CE2-ADCA-46C1-90F8-85DD34B8003D}.Release|x86.ActiveCfg = Release|Any CPU
		{34425CE2-ADCA-46C1-90F8-85DD34B8003D}.Release|x86.Build.0 = Release|Any CPU
		{8C62EECC-724C-4F22-B595-2D4E4B9FAB5D}.Debug|Any CPU.ActiveCfg = Debug|Any CPU
		{8C62EECC-724C-4F22-B595-2D4E4B9FAB5D}.Debug|Any CPU.Build.0 = Debug|Any CPU
		{8C62EECC-724C-4F22-B595-2D4E4B9FAB5D}.Debug|x64.ActiveCfg = Debug|Any CPU
		{8C62EECC-724C-4F22-B595-2D4E4B9FAB5D}.Debug|x64.Build.0 = Debug|Any CPU
		{8C62EECC-724C-4F22-B595-2D4E4B9FAB5D}.Debug|x86.ActiveCfg = Debug|Any CPU
		{8C62EECC-724C-4F22-B595-2D4E4B9FAB5D}.Debug|x86.Build.0 = Debug|Any CPU
		{8C62EECC-724C-4F22-B595-2D4E4B9FAB5D}.Release|Any CPU.ActiveCfg = Release|Any CPU
		{8C62EECC-724C-4F22-B595-2D4E4B9FAB5D}.Release|Any CPU.Build.0 = Release|Any CPU
		{8C62EECC-724C-4F22-B595-2D4E4B9FAB5D}.Release|x64.ActiveCfg = Release|Any CPU
		{8C62EECC-724C-4F22-B595-2D4E4B9FAB5D}.Release|x64.Build.0 = Release|Any CPU
		{8C62EECC-724C-4F22-B595-2D4E4B9FAB5D}.Release|x86.ActiveCfg = Release|Any CPU
		{8C62EECC-724C-4F22-B595-2D4E4B9FAB5D}.Release|x86.Build.0 = Release|Any CPU
	EndGlobalSection
EndGlobal
